PODS:
  - DynamicColor (3.3)
  - ImagePicker (2.1.1)
  - SDWebImage (4.0.0):
    - SDWebImage/Core (= 4.0.0)
  - SDWebImage/Core (4.0.0)

DEPENDENCIES:
  - DynamicColor (~> 3.3)
  - ImagePicker
  - SDWebImage

SPEC CHECKSUMS:
  DynamicColor: 3cdaa1e01c16e93ba744e0630f768373e0fc7a7d
  ImagePicker: fe4c699abb56ff03994fa98d8b02e3883ee118be
  SDWebImage: 76a6348bdc74eb5a55dd08a091ef298e56b55e41

PODFILE CHECKSUM: 8e21582bddf97c70923476257faf56a3d28b45fa

COCOAPODS: 1.2.0
