// !$*UTF8*$!
{
	archiveVersion = 1;
	classes = {
	};
	objectVersion = 46;
	objects = {

/* Begin PBXBuildFile section */
		0047FB611E9B749300BDF919 /* remove@3x.png in Resources */ = {isa = PBXBuildFile; fileRef = 0047FB601E9B749300BDF919 /* remove@3x.png */; };
		004B28EC1E8CA050007C910A /* GalleryPhotoConfigurator.swift in Sources */ = {isa = PBXBuildFile; fileRef = 004B28E61E8CA050007C910A /* GalleryPhotoConfigurator.swift */; };
		004B28ED1E8CA050007C910A /* GalleryPhotoInteractor.swift in Sources */ = {isa = PBXBuildFile; fileRef = 004B28E71E8CA050007C910A /* GalleryPhotoInteractor.swift */; };
		004B28EE1E8CA050007C910A /* GalleryPhotoModels.swift in Sources */ = {isa = PBXBuildFile; fileRef = 004B28E81E8CA050007C910A /* GalleryPhotoModels.swift */; };
		004B28EF1E8CA050007C910A /* GalleryPhotoPresenter.swift in Sources */ = {isa = PBXBuildFile; fileRef = 004B28E91E8CA050007C910A /* GalleryPhotoPresenter.swift */; };
		004B28F01E8CA050007C910A /* GalleryPhotoRouter.swift in Sources */ = {isa = PBXBuildFile; fileRef = 004B28EA1E8CA050007C910A /* GalleryPhotoRouter.swift */; };
		004B28F11E8CA050007C910A /* GalleryPhotoViewController.swift in Sources */ = {isa = PBXBuildFile; fileRef = 004B28EB1E8CA050007C910A /* GalleryPhotoViewController.swift */; };
		004B28F31E8CA555007C910A /* GalleryPhotoCollectionViewController.swift in Sources */ = {isa = PBXBuildFile; fileRef = 004B28F21E8CA555007C910A /* GalleryPhotoCollectionViewController.swift */; };
		004B28F61E8CA624007C910A /* GalleryCell.swift in Sources */ = {isa = PBXBuildFile; fileRef = 004B28F51E8CA624007C910A /* GalleryCell.swift */; };
		004B28F81E8CA62D007C910A /* GalleryCell.xib in Resources */ = {isa = PBXBuildFile; fileRef = 004B28F71E8CA62D007C910A /* GalleryCell.xib */; };
		004B29001E8CE57F007C910A /* ImportConfigurator.swift in Sources */ = {isa = PBXBuildFile; fileRef = 004B28FA1E8CE57F007C910A /* ImportConfigurator.swift */; };
		004B29011E8CE57F007C910A /* ImportInteractor.swift in Sources */ = {isa = PBXBuildFile; fileRef = 004B28FB1E8CE57F007C910A /* ImportInteractor.swift */; };
		004B29021E8CE57F007C910A /* ImportModels.swift in Sources */ = {isa = PBXBuildFile; fileRef = 004B28FC1E8CE57F007C910A /* ImportModels.swift */; };
		004B29031E8CE57F007C910A /* ImportPresenter.swift in Sources */ = {isa = PBXBuildFile; fileRef = 004B28FD1E8CE57F007C910A /* ImportPresenter.swift */; };
		004B29041E8CE57F007C910A /* ImportRouter.swift in Sources */ = {isa = PBXBuildFile; fileRef = 004B28FE1E8CE57F007C910A /* ImportRouter.swift */; };
		004B29051E8CE57F007C910A /* ImportViewController.swift in Sources */ = {isa = PBXBuildFile; fileRef = 004B28FF1E8CE57F007C910A /* ImportViewController.swift */; };
		004B290A1E8CE96A007C910A /* import-on@3x.png in Resources */ = {isa = PBXBuildFile; fileRef = 004B29081E8CE96A007C910A /* import-on@3x.png */; };
		004B290B1E8CE96A007C910A /* import@3x.png in Resources */ = {isa = PBXBuildFile; fileRef = 004B29091E8CE96A007C910A /* import@3x.png */; };
		004B290E1E8CE9D1007C910A /* ImportCell.swift in Sources */ = {isa = PBXBuildFile; fileRef = 004B290D1E8CE9D1007C910A /* ImportCell.swift */; };
		004B29101E8CEA05007C910A /* ImportCell.xib in Resources */ = {isa = PBXBuildFile; fileRef = 004B290F1E8CEA05007C910A /* ImportCell.xib */; };
		005330EC1E70F572002890A8 /* LockScreenConfigurator.swift in Sources */ = {isa = PBXBuildFile; fileRef = 005330E61E70F572002890A8 /* LockScreenConfigurator.swift */; };
		005330ED1E70F572002890A8 /* LockScreenInteractor.swift in Sources */ = {isa = PBXBuildFile; fileRef = 005330E71E70F572002890A8 /* LockScreenInteractor.swift */; };
		005330EE1E70F572002890A8 /* LockScreenModels.swift in Sources */ = {isa = PBXBuildFile; fileRef = 005330E81E70F572002890A8 /* LockScreenModels.swift */; };
		005330EF1E70F572002890A8 /* LockScreenPresenter.swift in Sources */ = {isa = PBXBuildFile; fileRef = 005330E91E70F572002890A8 /* LockScreenPresenter.swift */; };
		005330F01E70F572002890A8 /* LockScreenRouter.swift in Sources */ = {isa = PBXBuildFile; fileRef = 005330EA1E70F572002890A8 /* LockScreenRouter.swift */; };
		005330F11E70F572002890A8 /* LockScreenViewController.swift in Sources */ = {isa = PBXBuildFile; fileRef = 005330EB1E70F572002890A8 /* LockScreenViewController.swift */; };
		006486AB1E70EAD900419C27 /* AppDelegate.swift in Sources */ = {isa = PBXBuildFile; fileRef = 006486AA1E70EAD900419C27 /* AppDelegate.swift */; };
		006486C01E70EAD900419C27 /* PrivateCornerTests.swift in Sources */ = {isa = PBXBuildFile; fileRef = 006486BF1E70EAD900419C27 /* PrivateCornerTests.swift */; };
		006486CB1E70EAD900419C27 /* PrivateCornerUITests.swift in Sources */ = {isa = PBXBuildFile; fileRef = 006486CA1E70EAD900419C27 /* PrivateCornerUITests.swift */; };
		006486EA1E70EFD500419C27 /* ConstantsAPI.swift in Sources */ = {isa = PBXBuildFile; fileRef = 006486E31E70EFD500419C27 /* ConstantsAPI.swift */; };
		006486ED1E70EFE400419C27 /* Assets.xcassets in Resources */ = {isa = PBXBuildFile; fileRef = 006486EB1E70EFE400419C27 /* Assets.xcassets */; };
		006486F31E70EFEB00419C27 /* LaunchScreen.storyboard in Resources */ = {isa = PBXBuildFile; fileRef = 006486EF1E70EFEB00419C27 /* LaunchScreen.storyboard */; };
		006486F41E70EFEB00419C27 /* Main.storyboard in Resources */ = {isa = PBXBuildFile; fileRef = 006486F11E70EFEB00419C27 /* Main.storyboard */; };
		0073A18B1E71162100490675 /* data-security-tips.jpg in Resources */ = {isa = PBXBuildFile; fileRef = 0073A18A1E71162100490675 /* data-security-tips.jpg */; };
		0075F1991E7A3169001DA471 /* AlbumsCollectionViewController.swift in Sources */ = {isa = PBXBuildFile; fileRef = 0075F1981E7A3169001DA471 /* AlbumsCollectionViewController.swift */; };
		0075F19C1E7A3698001DA471 /* AlbumsCell.xib in Resources */ = {isa = PBXBuildFile; fileRef = 0075F19B1E7A3698001DA471 /* AlbumsCell.xib */; };
		0075F19E1E7A36B7001DA471 /* AlbumsCell.swift in Sources */ = {isa = PBXBuildFile; fileRef = 0075F19D1E7A36B7001DA471 /* AlbumsCell.swift */; };
		0075F1A61E7A781A001DA471 /* PhotoConfigurator.swift in Sources */ = {isa = PBXBuildFile; fileRef = 0075F1A01E7A781A001DA471 /* PhotoConfigurator.swift */; };
		0075F1A71E7A781A001DA471 /* PhotoInteractor.swift in Sources */ = {isa = PBXBuildFile; fileRef = 0075F1A11E7A781A001DA471 /* PhotoInteractor.swift */; };
		0075F1A81E7A781A001DA471 /* PhotoModels.swift in Sources */ = {isa = PBXBuildFile; fileRef = 0075F1A21E7A781A001DA471 /* PhotoModels.swift */; };
		0075F1A91E7A781A001DA471 /* PhotoPresenter.swift in Sources */ = {isa = PBXBuildFile; fileRef = 0075F1A31E7A781A001DA471 /* PhotoPresenter.swift */; };
		0075F1AA1E7A781A001DA471 /* PhotoRouter.swift in Sources */ = {isa = PBXBuildFile; fileRef = 0075F1A41E7A781A001DA471 /* PhotoRouter.swift */; };
		0075F1AB1E7A781A001DA471 /* PhotoViewController.swift in Sources */ = {isa = PBXBuildFile; fileRef = 0075F1A51E7A781A001DA471 /* PhotoViewController.swift */; };
		007B75491E91E01400483293 /* ConstantsSize.swift in Sources */ = {isa = PBXBuildFile; fileRef = 007B75481E91E01400483293 /* ConstantsSize.swift */; };
		007B754B1E91E08D00483293 /* ConstantsKey.swift in Sources */ = {isa = PBXBuildFile; fileRef = 007B754A1E91E08D00483293 /* ConstantsKey.swift */; };
		007D82CD1E8B74DD005CBBC2 /* SettingTableViewController.swift in Sources */ = {isa = PBXBuildFile; fileRef = 007D82CC1E8B74DD005CBBC2 /* SettingTableViewController.swift */; };
		007D82D01E8B76A2005CBBC2 /* SettingCell.swift in Sources */ = {isa = PBXBuildFile; fileRef = 007D82CF1E8B76A2005CBBC2 /* SettingCell.swift */; };
		007D82D21E8B76B0005CBBC2 /* SettingCell.xib in Resources */ = {isa = PBXBuildFile; fileRef = 007D82D11E8B76B0005CBBC2 /* SettingCell.xib */; };
		0094F6D01E8DF1E6007BEFAE /* ImportCollectionViewController.swift in Sources */ = {isa = PBXBuildFile; fileRef = 0094F6CF1E8DF1E6007BEFAE /* ImportCollectionViewController.swift */; };
		0094F6D31E8E3E56007BEFAE /* PrivateData.xcdatamodeld in Sources */ = {isa = PBXBuildFile; fileRef = 0094F6D11E8E3E56007BEFAE /* PrivateData.xcdatamodeld */; };
		0094F6D51E8E46F8007BEFAE /* CoreDataManager.swift in Sources */ = {isa = PBXBuildFile; fileRef = 0094F6D41E8E46F8007BEFAE /* CoreDataManager.swift */; };
		0094F6D71E8E5AF3007BEFAE /* AlbumManager.swift in Sources */ = {isa = PBXBuildFile; fileRef = 0094F6D61E8E5AF3007BEFAE /* AlbumManager.swift */; };
		0094F6D91E8E6331007BEFAE /* ItemManager.swift in Sources */ = {isa = PBXBuildFile; fileRef = 0094F6D81E8E6331007BEFAE /* ItemManager.swift */; };
		00E0B1A01E79411E0001DF8F /* folder-on@3x.png in Resources */ = {isa = PBXBuildFile; fileRef = 00E0B19C1E79411E0001DF8F /* folder-on@3x.png */; };
		00E0B1A11E79411E0001DF8F /* folder@3x.png in Resources */ = {isa = PBXBuildFile; fileRef = 00E0B19D1E79411E0001DF8F /* folder@3x.png */; };
		00E0B1A21E79411E0001DF8F /* setting-on@3x.png in Resources */ = {isa = PBXBuildFile; fileRef = 00E0B19E1E79411E0001DF8F /* setting-on@3x.png */; };
		00E0B1A31E79411E0001DF8F /* setting@3x.png in Resources */ = {isa = PBXBuildFile; fileRef = 00E0B19F1E79411E0001DF8F /* setting@3x.png */; };
		00E0B1C41E7946590001DF8F /* AlbumsConfigurator.swift in Sources */ = {isa = PBXBuildFile; fileRef = 00E0B1BE1E7946590001DF8F /* AlbumsConfigurator.swift */; };
		00E0B1C51E7946590001DF8F /* AlbumsInteractor.swift in Sources */ = {isa = PBXBuildFile; fileRef = 00E0B1BF1E7946590001DF8F /* AlbumsInteractor.swift */; };
		00E0B1C61E7946590001DF8F /* AlbumsModels.swift in Sources */ = {isa = PBXBuildFile; fileRef = 00E0B1C01E7946590001DF8F /* AlbumsModels.swift */; };
		00E0B1C71E7946590001DF8F /* AlbumsPresenter.swift in Sources */ = {isa = PBXBuildFile; fileRef = 00E0B1C11E7946590001DF8F /* AlbumsPresenter.swift */; };
		00E0B1C81E7946590001DF8F /* AlbumsRouter.swift in Sources */ = {isa = PBXBuildFile; fileRef = 00E0B1C21E7946590001DF8F /* AlbumsRouter.swift */; };
		00E0B1C91E7946590001DF8F /* AlbumsViewController.swift in Sources */ = {isa = PBXBuildFile; fileRef = 00E0B1C31E7946590001DF8F /* AlbumsViewController.swift */; };
		00E0B1D01E7946AB0001DF8F /* SettingConfigurator.swift in Sources */ = {isa = PBXBuildFile; fileRef = 00E0B1CA1E7946AB0001DF8F /* SettingConfigurator.swift */; };
		00E0B1D11E7946AB0001DF8F /* SettingInteractor.swift in Sources */ = {isa = PBXBuildFile; fileRef = 00E0B1CB1E7946AB0001DF8F /* SettingInteractor.swift */; };
		00E0B1D21E7946AB0001DF8F /* SettingModels.swift in Sources */ = {isa = PBXBuildFile; fileRef = 00E0B1CC1E7946AB0001DF8F /* SettingModels.swift */; };
		00E0B1D31E7946AB0001DF8F /* SettingPresenter.swift in Sources */ = {isa = PBXBuildFile; fileRef = 00E0B1CD1E7946AB0001DF8F /* SettingPresenter.swift */; };
		00E0B1D41E7946AB0001DF8F /* SettingRouter.swift in Sources */ = {isa = PBXBuildFile; fileRef = 00E0B1CE1E7946AB0001DF8F /* SettingRouter.swift */; };
		00E0B1D51E7946AB0001DF8F /* SettingViewController.swift in Sources */ = {isa = PBXBuildFile; fileRef = 00E0B1CF1E7946AB0001DF8F /* SettingViewController.swift */; };
		00E8A0A71E9CDCA900221112 /* upload@3x.png in Resources */ = {isa = PBXBuildFile; fileRef = 00E8A0A61E9CDCA900221112 /* upload@3x.png */; };
		3BDA5CF4460EBA013AE4FE92 /* Pods_PrivateCornerUITests.framework in Frameworks */ = {isa = PBXBuildFile; fileRef = 6C06F73CC27CAC70E020FE11 /* Pods_PrivateCornerUITests.framework */; };
		51A430BEC1DFD8D853AD37A1 /* Pods_PrivateCorner.framework in Frameworks */ = {isa = PBXBuildFile; fileRef = A2295D4151DC8A71375D1CE7 /* Pods_PrivateCorner.framework */; };
		B0FA8B76A20178173E37DC7E /* Pods_PrivateCornerTests.framework in Frameworks */ = {isa = PBXBuildFile; fileRef = 85E18DB94157DFD790BF4C43 /* Pods_PrivateCornerTests.framework */; };
/* End PBXBuildFile section */

/* Begin PBXContainerItemProxy section */
		006486BC1E70EAD900419C27 /* PBXContainerItemProxy */ = {
			isa = PBXContainerItemProxy;
			containerPortal = 0064869F1E70EAD900419C27 /* Project object */;
			proxyType = 1;
			remoteGlobalIDString = 006486A61E70EAD900419C27;
			remoteInfo = PrivateCorner;
		};
		006486C71E70EAD900419C27 /* PBXContainerItemProxy */ = {
			isa = PBXContainerItemProxy;
			containerPortal = 0064869F1E70EAD900419C27 /* Project object */;
			proxyType = 1;
			remoteGlobalIDString = 006486A61E70EAD900419C27;
			remoteInfo = PrivateCorner;
		};
/* End PBXContainerItemProxy section */

/* Begin PBXFileReference section */
		0047FB601E9B749300BDF919 /* remove@3x.png */ = {isa = PBXFileReference; lastKnownFileType = image.png; path = "remove@3x.png"; sourceTree = "<group>"; };
		004B28E61E8CA050007C910A /* GalleryPhotoConfigurator.swift */ = {isa = PBXFileReference; fileEncoding = 4; lastKnownFileType = sourcecode.swift; path = GalleryPhotoConfigurator.swift; sourceTree = "<group>"; };
		004B28E71E8CA050007C910A /* GalleryPhotoInteractor.swift */ = {isa = PBXFileReference; fileEncoding = 4; lastKnownFileType = sourcecode.swift; path = GalleryPhotoInteractor.swift; sourceTree = "<group>"; };
		004B28E81E8CA050007C910A /* GalleryPhotoModels.swift */ = {isa = PBXFileReference; fileEncoding = 4; lastKnownFileType = sourcecode.swift; path = GalleryPhotoModels.swift; sourceTree = "<group>"; };
		004B28E91E8CA050007C910A /* GalleryPhotoPresenter.swift */ = {isa = PBXFileReference; fileEncoding = 4; lastKnownFileType = sourcecode.swift; path = GalleryPhotoPresenter.swift; sourceTree = "<group>"; };
		004B28EA1E8CA050007C910A /* GalleryPhotoRouter.swift */ = {isa = PBXFileReference; fileEncoding = 4; lastKnownFileType = sourcecode.swift; path = GalleryPhotoRouter.swift; sourceTree = "<group>"; };
		004B28EB1E8CA050007C910A /* GalleryPhotoViewController.swift */ = {isa = PBXFileReference; fileEncoding = 4; lastKnownFileType = sourcecode.swift; path = GalleryPhotoViewController.swift; sourceTree = "<group>"; };
		004B28F21E8CA555007C910A /* GalleryPhotoCollectionViewController.swift */ = {isa = PBXFileReference; fileEncoding = 4; lastKnownFileType = sourcecode.swift; path = GalleryPhotoCollectionViewController.swift; sourceTree = "<group>"; };
		004B28F51E8CA624007C910A /* GalleryCell.swift */ = {isa = PBXFileReference; fileEncoding = 4; lastKnownFileType = sourcecode.swift; path = GalleryCell.swift; sourceTree = "<group>"; };
		004B28F71E8CA62D007C910A /* GalleryCell.xib */ = {isa = PBXFileReference; fileEncoding = 4; lastKnownFileType = file.xib; path = GalleryCell.xib; sourceTree = "<group>"; };
		004B28FA1E8CE57F007C910A /* ImportConfigurator.swift */ = {isa = PBXFileReference; fileEncoding = 4; lastKnownFileType = sourcecode.swift; path = ImportConfigurator.swift; sourceTree = "<group>"; };
		004B28FB1E8CE57F007C910A /* ImportInteractor.swift */ = {isa = PBXFileReference; fileEncoding = 4; lastKnownFileType = sourcecode.swift; path = ImportInteractor.swift; sourceTree = "<group>"; };
		004B28FC1E8CE57F007C910A /* ImportModels.swift */ = {isa = PBXFileReference; fileEncoding = 4; lastKnownFileType = sourcecode.swift; path = ImportModels.swift; sourceTree = "<group>"; };
		004B28FD1E8CE57F007C910A /* ImportPresenter.swift */ = {isa = PBXFileReference; fileEncoding = 4; lastKnownFileType = sourcecode.swift; path = ImportPresenter.swift; sourceTree = "<group>"; };
		004B28FE1E8CE57F007C910A /* ImportRouter.swift */ = {isa = PBXFileReference; fileEncoding = 4; lastKnownFileType = sourcecode.swift; path = ImportRouter.swift; sourceTree = "<group>"; };
		004B28FF1E8CE57F007C910A /* ImportViewController.swift */ = {isa = PBXFileReference; fileEncoding = 4; lastKnownFileType = sourcecode.swift; path = ImportViewController.swift; sourceTree = "<group>"; };
		004B29081E8CE96A007C910A /* import-on@3x.png */ = {isa = PBXFileReference; lastKnownFileType = image.png; path = "import-on@3x.png"; sourceTree = "<group>"; };
		004B29091E8CE96A007C910A /* import@3x.png */ = {isa = PBXFileReference; lastKnownFileType = image.png; path = "import@3x.png"; sourceTree = "<group>"; };
		004B290D1E8CE9D1007C910A /* ImportCell.swift */ = {isa = PBXFileReference; fileEncoding = 4; lastKnownFileType = sourcecode.swift; path = ImportCell.swift; sourceTree = "<group>"; };
		004B290F1E8CEA05007C910A /* ImportCell.xib */ = {isa = PBXFileReference; fileEncoding = 4; lastKnownFileType = file.xib; path = ImportCell.xib; sourceTree = "<group>"; };
		005330E61E70F572002890A8 /* LockScreenConfigurator.swift */ = {isa = PBXFileReference; fileEncoding = 4; lastKnownFileType = sourcecode.swift; path = LockScreenConfigurator.swift; sourceTree = "<group>"; };
		005330E71E70F572002890A8 /* LockScreenInteractor.swift */ = {isa = PBXFileReference; fileEncoding = 4; lastKnownFileType = sourcecode.swift; path = LockScreenInteractor.swift; sourceTree = "<group>"; };
		005330E81E70F572002890A8 /* LockScreenModels.swift */ = {isa = PBXFileReference; fileEncoding = 4; lastKnownFileType = sourcecode.swift; path = LockScreenModels.swift; sourceTree = "<group>"; };
		005330E91E70F572002890A8 /* LockScreenPresenter.swift */ = {isa = PBXFileReference; fileEncoding = 4; lastKnownFileType = sourcecode.swift; path = LockScreenPresenter.swift; sourceTree = "<group>"; };
		005330EA1E70F572002890A8 /* LockScreenRouter.swift */ = {isa = PBXFileReference; fileEncoding = 4; lastKnownFileType = sourcecode.swift; path = LockScreenRouter.swift; sourceTree = "<group>"; };
		005330EB1E70F572002890A8 /* LockScreenViewController.swift */ = {isa = PBXFileReference; fileEncoding = 4; lastKnownFileType = sourcecode.swift; path = LockScreenViewController.swift; sourceTree = "<group>"; };
		006486A71E70EAD900419C27 /* PrivateCorner.app */ = {isa = PBXFileReference; explicitFileType = wrapper.application; includeInIndex = 0; path = PrivateCorner.app; sourceTree = BUILT_PRODUCTS_DIR; };
		006486AA1E70EAD900419C27 /* AppDelegate.swift */ = {isa = PBXFileReference; lastKnownFileType = sourcecode.swift; path = AppDelegate.swift; sourceTree = "<group>"; };
		006486BB1E70EAD900419C27 /* PrivateCornerTests.xctest */ = {isa = PBXFileReference; explicitFileType = wrapper.cfbundle; includeInIndex = 0; path = PrivateCornerTests.xctest; sourceTree = BUILT_PRODUCTS_DIR; };
		006486BF1E70EAD900419C27 /* PrivateCornerTests.swift */ = {isa = PBXFileReference; lastKnownFileType = sourcecode.swift; path = PrivateCornerTests.swift; sourceTree = "<group>"; };
		006486C11E70EAD900419C27 /* Info.plist */ = {isa = PBXFileReference; lastKnownFileType = text.plist.xml; path = Info.plist; sourceTree = "<group>"; };
		006486C61E70EAD900419C27 /* PrivateCornerUITests.xctest */ = {isa = PBXFileReference; explicitFileType = wrapper.cfbundle; includeInIndex = 0; path = PrivateCornerUITests.xctest; sourceTree = BUILT_PRODUCTS_DIR; };
		006486CA1E70EAD900419C27 /* PrivateCornerUITests.swift */ = {isa = PBXFileReference; lastKnownFileType = sourcecode.swift; path = PrivateCornerUITests.swift; sourceTree = "<group>"; };
		006486CC1E70EAD900419C27 /* Info.plist */ = {isa = PBXFileReference; lastKnownFileType = text.plist.xml; path = Info.plist; sourceTree = "<group>"; };
		006486E31E70EFD500419C27 /* ConstantsAPI.swift */ = {isa = PBXFileReference; fileEncoding = 4; lastKnownFileType = sourcecode.swift; path = ConstantsAPI.swift; sourceTree = "<group>"; };
		006486EB1E70EFE400419C27 /* Assets.xcassets */ = {isa = PBXFileReference; lastKnownFileType = folder.assetcatalog; path = Assets.xcassets; sourceTree = "<group>"; };
		006486EC1E70EFE400419C27 /* Info.plist */ = {isa = PBXFileReference; fileEncoding = 4; lastKnownFileType = text.plist.xml; name = Info.plist; path = ../Info.plist; sourceTree = "<group>"; };
		006486F01E70EFEB00419C27 /* Base */ = {isa = PBXFileReference; lastKnownFileType = file.storyboard; name = Base; path = Base.lproj/LaunchScreen.storyboard; sourceTree = "<group>"; };
		006486F21E70EFEB00419C27 /* Base */ = {isa = PBXFileReference; lastKnownFileType = file.storyboard; name = Base; path = Base.lproj/Main.storyboard; sourceTree = "<group>"; };
		0073A18A1E71162100490675 /* data-security-tips.jpg */ = {isa = PBXFileReference; lastKnownFileType = image.jpeg; path = "data-security-tips.jpg"; sourceTree = "<group>"; };
		0075F1981E7A3169001DA471 /* AlbumsCollectionViewController.swift */ = {isa = PBXFileReference; fileEncoding = 4; lastKnownFileType = sourcecode.swift; lineEnding = 0; path = AlbumsCollectionViewController.swift; sourceTree = "<group>"; xcLanguageSpecificationIdentifier = xcode.lang.swift; };
		0075F19B1E7A3698001DA471 /* AlbumsCell.xib */ = {isa = PBXFileReference; fileEncoding = 4; lastKnownFileType = file.xib; path = AlbumsCell.xib; sourceTree = "<group>"; };
		0075F19D1E7A36B7001DA471 /* AlbumsCell.swift */ = {isa = PBXFileReference; fileEncoding = 4; lastKnownFileType = sourcecode.swift; lineEnding = 0; path = AlbumsCell.swift; sourceTree = "<group>"; xcLanguageSpecificationIdentifier = xcode.lang.swift; };
		0075F1A01E7A781A001DA471 /* PhotoConfigurator.swift */ = {isa = PBXFileReference; fileEncoding = 4; lastKnownFileType = sourcecode.swift; path = PhotoConfigurator.swift; sourceTree = "<group>"; };
		0075F1A11E7A781A001DA471 /* PhotoInteractor.swift */ = {isa = PBXFileReference; fileEncoding = 4; lastKnownFileType = sourcecode.swift; path = PhotoInteractor.swift; sourceTree = "<group>"; };
		0075F1A21E7A781A001DA471 /* PhotoModels.swift */ = {isa = PBXFileReference; fileEncoding = 4; lastKnownFileType = sourcecode.swift; path = PhotoModels.swift; sourceTree = "<group>"; };
		0075F1A31E7A781A001DA471 /* PhotoPresenter.swift */ = {isa = PBXFileReference; fileEncoding = 4; lastKnownFileType = sourcecode.swift; path = PhotoPresenter.swift; sourceTree = "<group>"; };
		0075F1A41E7A781A001DA471 /* PhotoRouter.swift */ = {isa = PBXFileReference; fileEncoding = 4; lastKnownFileType = sourcecode.swift; path = PhotoRouter.swift; sourceTree = "<group>"; };
		0075F1A51E7A781A001DA471 /* PhotoViewController.swift */ = {isa = PBXFileReference; fileEncoding = 4; lastKnownFileType = sourcecode.swift; path = PhotoViewController.swift; sourceTree = "<group>"; };
		007B75481E91E01400483293 /* ConstantsSize.swift */ = {isa = PBXFileReference; fileEncoding = 4; lastKnownFileType = sourcecode.swift; path = ConstantsSize.swift; sourceTree = "<group>"; };
		007B754A1E91E08D00483293 /* ConstantsKey.swift */ = {isa = PBXFileReference; fileEncoding = 4; lastKnownFileType = sourcecode.swift; path = ConstantsKey.swift; sourceTree = "<group>"; };
		007D82CC1E8B74DD005CBBC2 /* SettingTableViewController.swift */ = {isa = PBXFileReference; fileEncoding = 4; lastKnownFileType = sourcecode.swift; path = SettingTableViewController.swift; sourceTree = "<group>"; };
		007D82CF1E8B76A2005CBBC2 /* SettingCell.swift */ = {isa = PBXFileReference; fileEncoding = 4; lastKnownFileType = sourcecode.swift; path = SettingCell.swift; sourceTree = "<group>"; };
		007D82D11E8B76B0005CBBC2 /* SettingCell.xib */ = {isa = PBXFileReference; fileEncoding = 4; lastKnownFileType = file.xib; path = SettingCell.xib; sourceTree = "<group>"; };
		0094F6CF1E8DF1E6007BEFAE /* ImportCollectionViewController.swift */ = {isa = PBXFileReference; fileEncoding = 4; lastKnownFileType = sourcecode.swift; path = ImportCollectionViewController.swift; sourceTree = "<group>"; };
		0094F6D21E8E3E56007BEFAE /* PrivateData.xcdatamodel */ = {isa = PBXFileReference; lastKnownFileType = wrapper.xcdatamodel; path = PrivateData.xcdatamodel; sourceTree = "<group>"; };
		0094F6D41E8E46F8007BEFAE /* CoreDataManager.swift */ = {isa = PBXFileReference; fileEncoding = 4; lastKnownFileType = sourcecode.swift; path = CoreDataManager.swift; sourceTree = "<group>"; };
		0094F6D61E8E5AF3007BEFAE /* AlbumManager.swift */ = {isa = PBXFileReference; fileEncoding = 4; lastKnownFileType = sourcecode.swift; path = AlbumManager.swift; sourceTree = "<group>"; };
		0094F6D81E8E6331007BEFAE /* ItemManager.swift */ = {isa = PBXFileReference; fileEncoding = 4; lastKnownFileType = sourcecode.swift; path = ItemManager.swift; sourceTree = "<group>"; };
		00E0B19C1E79411E0001DF8F /* folder-on@3x.png */ = {isa = PBXFileReference; lastKnownFileType = image.png; path = "folder-on@3x.png"; sourceTree = "<group>"; };
		00E0B19D1E79411E0001DF8F /* folder@3x.png */ = {isa = PBXFileReference; lastKnownFileType = image.png; path = "folder@3x.png"; sourceTree = "<group>"; };
		00E0B19E1E79411E0001DF8F /* setting-on@3x.png */ = {isa = PBXFileReference; lastKnownFileType = image.png; path = "setting-on@3x.png"; sourceTree = "<group>"; };
		00E0B19F1E79411E0001DF8F /* setting@3x.png */ = {isa = PBXFileReference; lastKnownFileType = image.png; path = "setting@3x.png"; sourceTree = "<group>"; };
		00E0B1BE1E7946590001DF8F /* AlbumsConfigurator.swift */ = {isa = PBXFileReference; fileEncoding = 4; lastKnownFileType = sourcecode.swift; lineEnding = 0; path = AlbumsConfigurator.swift; sourceTree = "<group>"; xcLanguageSpecificationIdentifier = xcode.lang.swift; };
		00E0B1BF1E7946590001DF8F /* AlbumsInteractor.swift */ = {isa = PBXFileReference; fileEncoding = 4; lastKnownFileType = sourcecode.swift; lineEnding = 0; path = AlbumsInteractor.swift; sourceTree = "<group>"; xcLanguageSpecificationIdentifier = xcode.lang.swift; };
		00E0B1C01E7946590001DF8F /* AlbumsModels.swift */ = {isa = PBXFileReference; fileEncoding = 4; lastKnownFileType = sourcecode.swift; lineEnding = 0; path = AlbumsModels.swift; sourceTree = "<group>"; xcLanguageSpecificationIdentifier = xcode.lang.swift; };
		00E0B1C11E7946590001DF8F /* AlbumsPresenter.swift */ = {isa = PBXFileReference; fileEncoding = 4; lastKnownFileType = sourcecode.swift; lineEnding = 0; path = AlbumsPresenter.swift; sourceTree = "<group>"; xcLanguageSpecificationIdentifier = xcode.lang.swift; };
		00E0B1C21E7946590001DF8F /* AlbumsRouter.swift */ = {isa = PBXFileReference; fileEncoding = 4; lastKnownFileType = sourcecode.swift; lineEnding = 0; path = AlbumsRouter.swift; sourceTree = "<group>"; xcLanguageSpecificationIdentifier = xcode.lang.swift; };
		00E0B1C31E7946590001DF8F /* AlbumsViewController.swift */ = {isa = PBXFileReference; fileEncoding = 4; lastKnownFileType = sourcecode.swift; lineEnding = 0; path = AlbumsViewController.swift; sourceTree = "<group>"; xcLanguageSpecificationIdentifier = xcode.lang.swift; };
		00E0B1CA1E7946AB0001DF8F /* SettingConfigurator.swift */ = {isa = PBXFileReference; fileEncoding = 4; lastKnownFileType = sourcecode.swift; path = SettingConfigurator.swift; sourceTree = "<group>"; };
		00E0B1CB1E7946AB0001DF8F /* SettingInteractor.swift */ = {isa = PBXFileReference; fileEncoding = 4; lastKnownFileType = sourcecode.swift; path = SettingInteractor.swift; sourceTree = "<group>"; };
		00E0B1CC1E7946AB0001DF8F /* SettingModels.swift */ = {isa = PBXFileReference; fileEncoding = 4; lastKnownFileType = sourcecode.swift; path = SettingModels.swift; sourceTree = "<group>"; };
		00E0B1CD1E7946AB0001DF8F /* SettingPresenter.swift */ = {isa = PBXFileReference; fileEncoding = 4; lastKnownFileType = sourcecode.swift; path = SettingPresenter.swift; sourceTree = "<group>"; };
		00E0B1CE1E7946AB0001DF8F /* SettingRouter.swift */ = {isa = PBXFileReference; fileEncoding = 4; lastKnownFileType = sourcecode.swift; path = SettingRouter.swift; sourceTree = "<group>"; };
		00E0B1CF1E7946AB0001DF8F /* SettingViewController.swift */ = {isa = PBXFileReference; fileEncoding = 4; lastKnownFileType = sourcecode.swift; path = SettingViewController.swift; sourceTree = "<group>"; };
		00E8A0A61E9CDCA900221112 /* upload@3x.png */ = {isa = PBXFileReference; lastKnownFileType = image.png; path = "upload@3x.png"; sourceTree = "<group>"; };
		2F9218FBAB4F8092F6091BF9 /* Pods-PrivateCorner.release.xcconfig */ = {isa = PBXFileReference; includeInIndex = 1; lastKnownFileType = text.xcconfig; name = "Pods-PrivateCorner.release.xcconfig"; path = "Pods/Target Support Files/Pods-PrivateCorner/Pods-PrivateCorner.release.xcconfig"; sourceTree = "<group>"; };
		4264DA568CE4E380C5A8A146 /* Pods-PrivateCornerTests.debug.xcconfig */ = {isa = PBXFileReference; includeInIndex = 1; lastKnownFileType = text.xcconfig; name = "Pods-PrivateCornerTests.debug.xcconfig"; path = "Pods/Target Support Files/Pods-PrivateCornerTests/Pods-PrivateCornerTests.debug.xcconfig"; sourceTree = "<group>"; };
		469FAC4C44B44A8B1D3200C8 /* Pods-PrivateCornerTests.release.xcconfig */ = {isa = PBXFileReference; includeInIndex = 1; lastKnownFileType = text.xcconfig; name = "Pods-PrivateCornerTests.release.xcconfig"; path = "Pods/Target Support Files/Pods-PrivateCornerTests/Pods-PrivateCornerTests.release.xcconfig"; sourceTree = "<group>"; };
		6C06F73CC27CAC70E020FE11 /* Pods_PrivateCornerUITests.framework */ = {isa = PBXFileReference; explicitFileType = wrapper.framework; includeInIndex = 0; path = Pods_PrivateCornerUITests.framework; sourceTree = BUILT_PRODUCTS_DIR; };
		85E18DB94157DFD790BF4C43 /* Pods_PrivateCornerTests.framework */ = {isa = PBXFileReference; explicitFileType = wrapper.framework; includeInIndex = 0; path = Pods_PrivateCornerTests.framework; sourceTree = BUILT_PRODUCTS_DIR; };
		9DE26507F8B79544B49BFB24 /* Pods-PrivateCorner.debug.xcconfig */ = {isa = PBXFileReference; includeInIndex = 1; lastKnownFileType = text.xcconfig; name = "Pods-PrivateCorner.debug.xcconfig"; path = "Pods/Target Support Files/Pods-PrivateCorner/Pods-PrivateCorner.debug.xcconfig"; sourceTree = "<group>"; };
		A2295D4151DC8A71375D1CE7 /* Pods_PrivateCorner.framework */ = {isa = PBXFileReference; explicitFileType = wrapper.framework; includeInIndex = 0; path = Pods_PrivateCorner.framework; sourceTree = BUILT_PRODUCTS_DIR; };
		CC42C8143AFEC95476BFE338 /* Pods-PrivateCornerUITests.release.xcconfig */ = {isa = PBXFileReference; includeInIndex = 1; lastKnownFileType = text.xcconfig; name = "Pods-PrivateCornerUITests.release.xcconfig"; path = "Pods/Target Support Files/Pods-PrivateCornerUITests/Pods-PrivateCornerUITests.release.xcconfig"; sourceTree = "<group>"; };
		D9B81F01FA0095F1E3EC683C /* Pods-PrivateCornerUITests.debug.xcconfig */ = {isa = PBXFileReference; includeInIndex = 1; lastKnownFileType = text.xcconfig; name = "Pods-PrivateCornerUITests.debug.xcconfig"; path = "Pods/Target Support Files/Pods-PrivateCornerUITests/Pods-PrivateCornerUITests.debug.xcconfig"; sourceTree = "<group>"; };
/* End PBXFileReference section */

/* Begin PBXFrameworksBuildPhase section */
		006486A41E70EAD900419C27 /* Frameworks */ = {
			isa = PBXFrameworksBuildPhase;
			buildActionMask = 2147483647;
			files = (
				51A430BEC1DFD8D853AD37A1 /* Pods_PrivateCorner.framework in Frameworks */,
			);
			runOnlyForDeploymentPostprocessing = 0;
		};
		006486B81E70EAD900419C27 /* Frameworks */ = {
			isa = PBXFrameworksBuildPhase;
			buildActionMask = 2147483647;
			files = (
				B0FA8B76A20178173E37DC7E /* Pods_PrivateCornerTests.framework in Frameworks */,
			);
			runOnlyForDeploymentPostprocessing = 0;
		};
		006486C31E70EAD900419C27 /* Frameworks */ = {
			isa = PBXFrameworksBuildPhase;
			buildActionMask = 2147483647;
			files = (
				3BDA5CF4460EBA013AE4FE92 /* Pods_PrivateCornerUITests.framework in Frameworks */,
			);
			runOnlyForDeploymentPostprocessing = 0;
		};
/* End PBXFrameworksBuildPhase section */

/* Begin PBXGroup section */
		004B28E51E8C9EA6007C910A /* GalleryPhoto */ = {
			isa = PBXGroup;
			children = (
				004B28F41E8CA617007C910A /* UI */,
				004B28E61E8CA050007C910A /* GalleryPhotoConfigurator.swift */,
				004B28E71E8CA050007C910A /* GalleryPhotoInteractor.swift */,
				004B28E81E8CA050007C910A /* GalleryPhotoModels.swift */,
				004B28E91E8CA050007C910A /* GalleryPhotoPresenter.swift */,
				004B28EA1E8CA050007C910A /* GalleryPhotoRouter.swift */,
				004B28EB1E8CA050007C910A /* GalleryPhotoViewController.swift */,
				004B28F21E8CA555007C910A /* GalleryPhotoCollectionViewController.swift */,
			);
			name = GalleryPhoto;
			sourceTree = "<group>";
		};
		004B28F41E8CA617007C910A /* UI */ = {
			isa = PBXGroup;
			children = (
				004B28F51E8CA624007C910A /* GalleryCell.swift */,
				004B28F71E8CA62D007C910A /* GalleryCell.xib */,
			);
			name = UI;
			sourceTree = "<group>";
		};
		004B28F91E8CE55C007C910A /* Import */ = {
			isa = PBXGroup;
			children = (
				004B290C1E8CE9C6007C910A /* UI */,
				004B28FA1E8CE57F007C910A /* ImportConfigurator.swift */,
				004B28FB1E8CE57F007C910A /* ImportInteractor.swift */,
				004B28FC1E8CE57F007C910A /* ImportModels.swift */,
				004B28FD1E8CE57F007C910A /* ImportPresenter.swift */,
				004B28FE1E8CE57F007C910A /* ImportRouter.swift */,
				004B28FF1E8CE57F007C910A /* ImportViewController.swift */,
				0094F6CF1E8DF1E6007BEFAE /* ImportCollectionViewController.swift */,
			);
			name = Import;
			sourceTree = "<group>";
		};
		004B290C1E8CE9C6007C910A /* UI */ = {
			isa = PBXGroup;
			children = (
				004B290D1E8CE9D1007C910A /* ImportCell.swift */,
				004B290F1E8CEA05007C910A /* ImportCell.xib */,
			);
			name = UI;
			sourceTree = "<group>";
		};
		0064869E1E70EAD900419C27 = {
			isa = PBXGroup;
			children = (
				006486A91E70EAD900419C27 /* PrivateCorner */,
				006486BE1E70EAD900419C27 /* PrivateCornerTests */,
				006486C91E70EAD900419C27 /* PrivateCornerUITests */,
				006486A81E70EAD900419C27 /* Products */,
				D49E7D5E7FB1F3E87BC3CD9C /* Pods */,
				F54D50A351972227EA3227B7 /* Frameworks */,
			);
			sourceTree = "<group>";
		};
		006486A81E70EAD900419C27 /* Products */ = {
			isa = PBXGroup;
			children = (
				006486A71E70EAD900419C27 /* PrivateCorner.app */,
				006486BB1E70EAD900419C27 /* PrivateCornerTests.xctest */,
				006486C61E70EAD900419C27 /* PrivateCornerUITests.xctest */,
			);
			name = Products;
			sourceTree = "<group>";
		};
		006486A91E70EAD900419C27 /* PrivateCorner */ = {
			isa = PBXGroup;
			children = (
				006486E21E70EFD500419C27 /* Constants */,
				006486E41E70EFD500419C27 /* Extensions */,
				006486E51E70EFD500419C27 /* Images */,
				006486E61E70EFD500419C27 /* Library */,
				006486E71E70EFD500419C27 /* Models */,
				006486E81E70EFD500419C27 /* Scenes */,
				006486AA1E70EAD900419C27 /* AppDelegate.swift */,
				006486EF1E70EFEB00419C27 /* LaunchScreen.storyboard */,
				006486F11E70EFEB00419C27 /* Main.storyboard */,
				006486EB1E70EFE400419C27 /* Assets.xcassets */,
				0094F6D11E8E3E56007BEFAE /* PrivateData.xcdatamodeld */,
				006486E91E70EFD500419C27 /* Supporting Files */,
			);
			path = PrivateCorner;
			sourceTree = "<group>";
		};
		006486BE1E70EAD900419C27 /* PrivateCornerTests */ = {
			isa = PBXGroup;
			children = (
				006486BF1E70EAD900419C27 /* PrivateCornerTests.swift */,
				006486C11E70EAD900419C27 /* Info.plist */,
			);
			path = PrivateCornerTests;
			sourceTree = "<group>";
		};
		006486C91E70EAD900419C27 /* PrivateCornerUITests */ = {
			isa = PBXGroup;
			children = (
				006486CA1E70EAD900419C27 /* PrivateCornerUITests.swift */,
				006486CC1E70EAD900419C27 /* Info.plist */,
			);
			path = PrivateCornerUITests;
			sourceTree = "<group>";
		};
		006486E21E70EFD500419C27 /* Constants */ = {
			isa = PBXGroup;
			children = (
				006486E31E70EFD500419C27 /* ConstantsAPI.swift */,
				007B75481E91E01400483293 /* ConstantsSize.swift */,
				007B754A1E91E08D00483293 /* ConstantsKey.swift */,
			);
			path = Constants;
			sourceTree = "<group>";
		};
		006486E41E70EFD500419C27 /* Extensions */ = {
			isa = PBXGroup;
			children = (
			);
			path = Extensions;
			sourceTree = "<group>";
		};
		006486E51E70EFD500419C27 /* Images */ = {
			isa = PBXGroup;
			children = (
				00E8A0A61E9CDCA900221112 /* upload@3x.png */,
				0047FB601E9B749300BDF919 /* remove@3x.png */,
				004B29081E8CE96A007C910A /* import-on@3x.png */,
				004B29091E8CE96A007C910A /* import@3x.png */,
				00E0B19C1E79411E0001DF8F /* folder-on@3x.png */,
				00E0B19D1E79411E0001DF8F /* folder@3x.png */,
				00E0B19E1E79411E0001DF8F /* setting-on@3x.png */,
				00E0B19F1E79411E0001DF8F /* setting@3x.png */,
				0073A18A1E71162100490675 /* data-security-tips.jpg */,
			);
			path = Images;
			sourceTree = "<group>";
		};
		006486E61E70EFD500419C27 /* Library */ = {
			isa = PBXGroup;
			children = (
			);
			path = Library;
			sourceTree = "<group>";
		};
		006486E71E70EFD500419C27 /* Models */ = {
			isa = PBXGroup;
			children = (
				0094F6D41E8E46F8007BEFAE /* CoreDataManager.swift */,
				0094F6D61E8E5AF3007BEFAE /* AlbumManager.swift */,
				0094F6D81E8E6331007BEFAE /* ItemManager.swift */,
			);
			path = Models;
			sourceTree = "<group>";
		};
		006486E81E70EFD500419C27 /* Scenes */ = {
			isa = PBXGroup;
			children = (
				006486F51E70F2E800419C27 /* LockScreen */,
				00E0B1A41E7942350001DF8F /* Albums */,
				004B28E51E8C9EA6007C910A /* GalleryPhoto */,
				0075F19F1E7A7807001DA471 /* Photo */,
				004B28F91E8CE55C007C910A /* Import */,
				00E0B1B11E7943B40001DF8F /* Setting */,
			);
			path = Scenes;
			sourceTree = "<group>";
		};
		006486E91E70EFD500419C27 /* Supporting Files */ = {
			isa = PBXGroup;
			children = (
				006486EC1E70EFE400419C27 /* Info.plist */,
			);
			path = "Supporting Files";
			sourceTree = "<group>";
		};
		006486F51E70F2E800419C27 /* LockScreen */ = {
			isa = PBXGroup;
			children = (
				005330E61E70F572002890A8 /* LockScreenConfigurator.swift */,
				005330E71E70F572002890A8 /* LockScreenInteractor.swift */,
				005330E81E70F572002890A8 /* LockScreenModels.swift */,
				005330E91E70F572002890A8 /* LockScreenPresenter.swift */,
				005330EA1E70F572002890A8 /* LockScreenRouter.swift */,
				005330EB1E70F572002890A8 /* LockScreenViewController.swift */,
			);
			name = LockScreen;
			sourceTree = "<group>";
		};
		0075F19A1E7A3682001DA471 /* UI */ = {
			isa = PBXGroup;
			children = (
				0075F19B1E7A3698001DA471 /* AlbumsCell.xib */,
				0075F19D1E7A36B7001DA471 /* AlbumsCell.swift */,
			);
			name = UI;
			sourceTree = "<group>";
		};
		0075F19F1E7A7807001DA471 /* Photo */ = {
			isa = PBXGroup;
			children = (
				0075F1A01E7A781A001DA471 /* PhotoConfigurator.swift */,
				0075F1A11E7A781A001DA471 /* PhotoInteractor.swift */,
				0075F1A21E7A781A001DA471 /* PhotoModels.swift */,
				0075F1A31E7A781A001DA471 /* PhotoPresenter.swift */,
				0075F1A41E7A781A001DA471 /* PhotoRouter.swift */,
				0075F1A51E7A781A001DA471 /* PhotoViewController.swift */,
			);
			name = Photo;
			sourceTree = "<group>";
		};
		007D82CE1E8B7679005CBBC2 /* UI */ = {
			isa = PBXGroup;
			children = (
				007D82CF1E8B76A2005CBBC2 /* SettingCell.swift */,
				007D82D11E8B76B0005CBBC2 /* SettingCell.xib */,
			);
			name = UI;
			sourceTree = "<group>";
		};
		00E0B1A41E7942350001DF8F /* Albums */ = {
			isa = PBXGroup;
			children = (
				0075F19A1E7A3682001DA471 /* UI */,
				00E0B1BE1E7946590001DF8F /* AlbumsConfigurator.swift */,
				00E0B1BF1E7946590001DF8F /* AlbumsInteractor.swift */,
				00E0B1C01E7946590001DF8F /* AlbumsModels.swift */,
				00E0B1C11E7946590001DF8F /* AlbumsPresenter.swift */,
				00E0B1C21E7946590001DF8F /* AlbumsRouter.swift */,
				00E0B1C31E7946590001DF8F /* AlbumsViewController.swift */,
				0075F1981E7A3169001DA471 /* AlbumsCollectionViewController.swift */,
			);
			name = Albums;
			sourceTree = "<group>";
		};
		00E0B1B11E7943B40001DF8F /* Setting */ = {
			isa = PBXGroup;
			children = (
				007D82CE1E8B7679005CBBC2 /* UI */,
				00E0B1CA1E7946AB0001DF8F /* SettingConfigurator.swift */,
				00E0B1CB1E7946AB0001DF8F /* SettingInteractor.swift */,
				00E0B1CC1E7946AB0001DF8F /* SettingModels.swift */,
				00E0B1CD1E7946AB0001DF8F /* SettingPresenter.swift */,
				00E0B1CE1E7946AB0001DF8F /* SettingRouter.swift */,
				00E0B1CF1E7946AB0001DF8F /* SettingViewController.swift */,
				007D82CC1E8B74DD005CBBC2 /* SettingTableViewController.swift */,
			);
			name = Setting;
			sourceTree = "<group>";
		};
		D49E7D5E7FB1F3E87BC3CD9C /* Pods */ = {
			isa = PBXGroup;
			children = (
				9DE26507F8B79544B49BFB24 /* Pods-PrivateCorner.debug.xcconfig */,
				2F9218FBAB4F8092F6091BF9 /* Pods-PrivateCorner.release.xcconfig */,
				4264DA568CE4E380C5A8A146 /* Pods-PrivateCornerTests.debug.xcconfig */,
				469FAC4C44B44A8B1D3200C8 /* Pods-PrivateCornerTests.release.xcconfig */,
				D9B81F01FA0095F1E3EC683C /* Pods-PrivateCornerUITests.debug.xcconfig */,
				CC42C8143AFEC95476BFE338 /* Pods-PrivateCornerUITests.release.xcconfig */,
			);
			name = Pods;
			sourceTree = "<group>";
		};
		F54D50A351972227EA3227B7 /* Frameworks */ = {
			isa = PBXGroup;
			children = (
				A2295D4151DC8A71375D1CE7 /* Pods_PrivateCorner.framework */,
				85E18DB94157DFD790BF4C43 /* Pods_PrivateCornerTests.framework */,
				6C06F73CC27CAC70E020FE11 /* Pods_PrivateCornerUITests.framework */,
			);
			name = Frameworks;
			sourceTree = "<group>";
		};
/* End PBXGroup section */

/* Begin PBXNativeTarget section */
		006486A61E70EAD900419C27 /* PrivateCorner */ = {
			isa = PBXNativeTarget;
			buildConfigurationList = 006486CF1E70EAD900419C27 /* Build configuration list for PBXNativeTarget "PrivateCorner" */;
			buildPhases = (
				4FA6376C158C4AC98DDB8054 /* [CP] Check Pods Manifest.lock */,
				006486A31E70EAD900419C27 /* Sources */,
				006486A41E70EAD900419C27 /* Frameworks */,
				006486A51E70EAD900419C27 /* Resources */,
				0DC738E6AFA590ADE78DA4BA /* [CP] Embed Pods Frameworks */,
				29D32862E1C0A9F4B274483C /* [CP] Copy Pods Resources */,
			);
			buildRules = (
			);
			dependencies = (
			);
			name = PrivateCorner;
			productName = PrivateCorner;
			productReference = 006486A71E70EAD900419C27 /* PrivateCorner.app */;
			productType = "com.apple.product-type.application";
		};
		006486BA1E70EAD900419C27 /* PrivateCornerTests */ = {
			isa = PBXNativeTarget;
			buildConfigurationList = 006486D21E70EAD900419C27 /* Build configuration list for PBXNativeTarget "PrivateCornerTests" */;
			buildPhases = (
				CC98466444DF39EFC2206C30 /* [CP] Check Pods Manifest.lock */,
				006486B71E70EAD900419C27 /* Sources */,
				006486B81E70EAD900419C27 /* Frameworks */,
				006486B91E70EAD900419C27 /* Resources */,
				E8C2D0049F86EE80A99D6175 /* [CP] Embed Pods Frameworks */,
				FE90F3D6931A4EC29354D84B /* [CP] Copy Pods Resources */,
			);
			buildRules = (
			);
			dependencies = (
				006486BD1E70EAD900419C27 /* PBXTargetDependency */,
			);
			name = PrivateCornerTests;
			productName = PrivateCornerTests;
			productReference = 006486BB1E70EAD900419C27 /* PrivateCornerTests.xctest */;
			productType = "com.apple.product-type.bundle.unit-test";
		};
		006486C51E70EAD900419C27 /* PrivateCornerUITests */ = {
			isa = PBXNativeTarget;
			buildConfigurationList = 006486D51E70EAD900419C27 /* Build configuration list for PBXNativeTarget "PrivateCornerUITests" */;
			buildPhases = (
				84E4D2D637C8DD5583C6751C /* [CP] Check Pods Manifest.lock */,
				006486C21E70EAD900419C27 /* Sources */,
				006486C31E70EAD900419C27 /* Frameworks */,
				006486C41E70EAD900419C27 /* Resources */,
				1995789D09B119FB5468228D /* [CP] Embed Pods Frameworks */,
				3505B72032247BDC8C7BC275 /* [CP] Copy Pods Resources */,
			);
			buildRules = (
			);
			dependencies = (
				006486C81E70EAD900419C27 /* PBXTargetDependency */,
			);
			name = PrivateCornerUITests;
			productName = PrivateCornerUITests;
			productReference = 006486C61E70EAD900419C27 /* PrivateCornerUITests.xctest */;
			productType = "com.apple.product-type.bundle.ui-testing";
		};
/* End PBXNativeTarget section */

/* Begin PBXProject section */
		0064869F1E70EAD900419C27 /* Project object */ = {
			isa = PBXProject;
			attributes = {
				LastSwiftUpdateCheck = 0820;
				LastUpgradeCheck = 0820;
				ORGANIZATIONNAME = MrAChen;
				TargetAttributes = {
					006486A61E70EAD900419C27 = {
						CreatedOnToolsVersion = 8.2.1;
						DevelopmentTeam = B5A39BBFXA;
						ProvisioningStyle = Automatic;
					};
					006486BA1E70EAD900419C27 = {
						CreatedOnToolsVersion = 8.2.1;
						ProvisioningStyle = Automatic;
						TestTargetID = 006486A61E70EAD900419C27;
					};
					006486C51E70EAD900419C27 = {
						CreatedOnToolsVersion = 8.2.1;
						ProvisioningStyle = Automatic;
						TestTargetID = 006486A61E70EAD900419C27;
					};
				};
			};
			buildConfigurationList = 006486A21E70EAD900419C27 /* Build configuration list for PBXProject "PrivateCorner" */;
			compatibilityVersion = "Xcode 3.2";
			developmentRegion = English;
			hasScannedForEncodings = 0;
			knownRegions = (
				en,
				Base,
			);
			mainGroup = 0064869E1E70EAD900419C27;
			productRefGroup = 006486A81E70EAD900419C27 /* Products */;
			projectDirPath = "";
			projectRoot = "";
			targets = (
				006486A61E70EAD900419C27 /* PrivateCorner */,
				006486BA1E70EAD900419C27 /* PrivateCornerTests */,
				006486C51E70EAD900419C27 /* PrivateCornerUITests */,
			);
		};
/* End PBXProject section */

/* Begin PBXResourcesBuildPhase section */
		006486A51E70EAD900419C27 /* Resources */ = {
			isa = PBXResourcesBuildPhase;
			buildActionMask = 2147483647;
			files = (
				004B29101E8CEA05007C910A /* ImportCell.xib in Resources */,
				00E0B1A31E79411E0001DF8F /* setting@3x.png in Resources */,
				00E8A0A71E9CDCA900221112 /* upload@3x.png in Resources */,
				00E0B1A11E79411E0001DF8F /* folder@3x.png in Resources */,
				007D82D21E8B76B0005CBBC2 /* SettingCell.xib in Resources */,
				006486F31E70EFEB00419C27 /* LaunchScreen.storyboard in Resources */,
				004B290A1E8CE96A007C910A /* import-on@3x.png in Resources */,
				004B28F81E8CA62D007C910A /* GalleryCell.xib in Resources */,
				006486ED1E70EFE400419C27 /* Assets.xcassets in Resources */,
				0047FB611E9B749300BDF919 /* remove@3x.png in Resources */,
				0075F19C1E7A3698001DA471 /* AlbumsCell.xib in Resources */,
				006486F41E70EFEB00419C27 /* Main.storyboard in Resources */,
				00E0B1A01E79411E0001DF8F /* folder-on@3x.png in Resources */,
				0073A18B1E71162100490675 /* data-security-tips.jpg in Resources */,
				004B290B1E8CE96A007C910A /* import@3x.png in Resources */,
				00E0B1A21E79411E0001DF8F /* setting-on@3x.png in Resources */,
			);
			runOnlyForDeploymentPostprocessing = 0;
		};
		006486B91E70EAD900419C27 /* Resources */ = {
			isa = PBXResourcesBuildPhase;
			buildActionMask = 2147483647;
			files = (
			);
			runOnlyForDeploymentPostprocessing = 0;
		};
		006486C41E70EAD900419C27 /* Resources */ = {
			isa = PBXResourcesBuildPhase;
			buildActionMask = 2147483647;
			files = (
			);
			runOnlyForDeploymentPostprocessing = 0;
		};
/* End PBXResourcesBuildPhase section */

/* Begin PBXShellScriptBuildPhase section */
		0DC738E6AFA590ADE78DA4BA /* [CP] Embed Pods Frameworks */ = {
			isa = PBXShellScriptBuildPhase;
			buildActionMask = 2147483647;
			files = (
			);
			inputPaths = (
			);
			name = "[CP] Embed Pods Frameworks";
			outputPaths = (
			);
			runOnlyForDeploymentPostprocessing = 0;
			shellPath = /bin/sh;
			shellScript = "\"${SRCROOT}/Pods/Target Support Files/Pods-PrivateCorner/Pods-PrivateCorner-frameworks.sh\"\n";
			showEnvVarsInLog = 0;
		};
		1995789D09B119FB5468228D /* [CP] Embed Pods Frameworks */ = {
			isa = PBXShellScriptBuildPhase;
			buildActionMask = 2147483647;
			files = (
			);
			inputPaths = (
			);
			name = "[CP] Embed Pods Frameworks";
			outputPaths = (
			);
			runOnlyForDeploymentPostprocessing = 0;
			shellPath = /bin/sh;
			shellScript = "\"${SRCROOT}/Pods/Target Support Files/Pods-PrivateCornerUITests/Pods-PrivateCornerUITests-frameworks.sh\"\n";
			showEnvVarsInLog = 0;
		};
		29D32862E1C0A9F4B274483C /* [CP] Copy Pods Resources */ = {
			isa = PBXShellScriptBuildPhase;
			buildActionMask = 2147483647;
			files = (
			);
			inputPaths = (
			);
			name = "[CP] Copy Pods Resources";
			outputPaths = (
			);
			runOnlyForDeploymentPostprocessing = 0;
			shellPath = /bin/sh;
			shellScript = "\"${SRCROOT}/Pods/Target Support Files/Pods-PrivateCorner/Pods-PrivateCorner-resources.sh\"\n";
			showEnvVarsInLog = 0;
		};
		3505B72032247BDC8C7BC275 /* [CP] Copy Pods Resources */ = {
			isa = PBXShellScriptBuildPhase;
			buildActionMask = 2147483647;
			files = (
			);
			inputPaths = (
			);
			name = "[CP] Copy Pods Resources";
			outputPaths = (
			);
			runOnlyForDeploymentPostprocessing = 0;
			shellPath = /bin/sh;
			shellScript = "\"${SRCROOT}/Pods/Target Support Files/Pods-PrivateCornerUITests/Pods-PrivateCornerUITests-resources.sh\"\n";
			showEnvVarsInLog = 0;
		};
		4FA6376C158C4AC98DDB8054 /* [CP] Check Pods Manifest.lock */ = {
			isa = PBXShellScriptBuildPhase;
			buildActionMask = 2147483647;
			files = (
			);
			inputPaths = (
			);
			name = "[CP] Check Pods Manifest.lock";
			outputPaths = (
			);
			runOnlyForDeploymentPostprocessing = 0;
			shellPath = /bin/sh;
			shellScript = "diff \"${PODS_ROOT}/../Podfile.lock\" \"${PODS_ROOT}/Manifest.lock\" > /dev/null\nif [ $? != 0 ] ; then\n    # print error to STDERR\n    echo \"error: The sandbox is not in sync with the Podfile.lock. Run 'pod install' or update your CocoaPods installation.\" >&2\n    exit 1\nfi\n";
			showEnvVarsInLog = 0;
		};
		84E4D2D637C8DD5583C6751C /* [CP] Check Pods Manifest.lock */ = {
			isa = PBXShellScriptBuildPhase;
			buildActionMask = 2147483647;
			files = (
			);
			inputPaths = (
			);
			name = "[CP] Check Pods Manifest.lock";
			outputPaths = (
			);
			runOnlyForDeploymentPostprocessing = 0;
			shellPath = /bin/sh;
			shellScript = "diff \"${PODS_ROOT}/../Podfile.lock\" \"${PODS_ROOT}/Manifest.lock\" > /dev/null\nif [ $? != 0 ] ; then\n    # print error to STDERR\n    echo \"error: The sandbox is not in sync with the Podfile.lock. Run 'pod install' or update your CocoaPods installation.\" >&2\n    exit 1\nfi\n";
			showEnvVarsInLog = 0;
		};
		CC98466444DF39EFC2206C30 /* [CP] Check Pods Manifest.lock */ = {
			isa = PBXShellScriptBuildPhase;
			buildActionMask = 2147483647;
			files = (
			);
			inputPaths = (
			);
			name = "[CP] Check Pods Manifest.lock";
			outputPaths = (
			);
			runOnlyForDeploymentPostprocessing = 0;
			shellPath = /bin/sh;
			shellScript = "diff \"${PODS_ROOT}/../Podfile.lock\" \"${PODS_ROOT}/Manifest.lock\" > /dev/null\nif [ $? != 0 ] ; then\n    # print error to STDERR\n    echo \"error: The sandbox is not in sync with the Podfile.lock. Run 'pod install' or update your CocoaPods installation.\" >&2\n    exit 1\nfi\n";
			showEnvVarsInLog = 0;
		};
		E8C2D0049F86EE80A99D6175 /* [CP] Embed Pods Frameworks */ = {
			isa = PBXShellScriptBuildPhase;
			buildActionMask = 2147483647;
			files = (
			);
			inputPaths = (
			);
			name = "[CP] Embed Pods Frameworks";
			outputPaths = (
			);
			runOnlyForDeploymentPostprocessing = 0;
			shellPath = /bin/sh;
			shellScript = "\"${SRCROOT}/Pods/Target Support Files/Pods-PrivateCornerTests/Pods-PrivateCornerTests-frameworks.sh\"\n";
			showEnvVarsInLog = 0;
		};
		FE90F3D6931A4EC29354D84B /* [CP] Copy Pods Resources */ = {
			isa = PBXShellScriptBuildPhase;
			buildActionMask = 2147483647;
			files = (
			);
			inputPaths = (
			);
			name = "[CP] Copy Pods Resources";
			outputPaths = (
			);
			runOnlyForDeploymentPostprocessing = 0;
			shellPath = /bin/sh;
			shellScript = "\"${SRCROOT}/Pods/Target Support Files/Pods-PrivateCornerTests/Pods-PrivateCornerTests-resources.sh\"\n";
			showEnvVarsInLog = 0;
		};
/* End PBXShellScriptBuildPhase section */

/* Begin PBXSourcesBuildPhase section */
		006486A31E70EAD900419C27 /* Sources */ = {
			isa = PBXSourcesBuildPhase;
			buildActionMask = 2147483647;
			files = (
				004B29001E8CE57F007C910A /* ImportConfigurator.swift in Sources */,
				00E0B1D41E7946AB0001DF8F /* SettingRouter.swift in Sources */,
				00E0B1D21E7946AB0001DF8F /* SettingModels.swift in Sources */,
				005330F01E70F572002890A8 /* LockScreenRouter.swift in Sources */,
				007D82CD1E8B74DD005CBBC2 /* SettingTableViewController.swift in Sources */,
				00E0B1C41E7946590001DF8F /* AlbumsConfigurator.swift in Sources */,
				0075F1A61E7A781A001DA471 /* PhotoConfigurator.swift in Sources */,
				004B29031E8CE57F007C910A /* ImportPresenter.swift in Sources */,
				005330F11E70F572002890A8 /* LockScreenViewController.swift in Sources */,
				004B28F01E8CA050007C910A /* GalleryPhotoRouter.swift in Sources */,
				0075F19E1E7A36B7001DA471 /* AlbumsCell.swift in Sources */,
				007D82D01E8B76A2005CBBC2 /* SettingCell.swift in Sources */,
				005330EE1E70F572002890A8 /* LockScreenModels.swift in Sources */,
				0094F6D01E8DF1E6007BEFAE /* ImportCollectionViewController.swift in Sources */,
				004B29021E8CE57F007C910A /* ImportModels.swift in Sources */,
				006486EA1E70EFD500419C27 /* ConstantsAPI.swift in Sources */,
				0094F6D91E8E6331007BEFAE /* ItemManager.swift in Sources */,
				00E0B1D01E7946AB0001DF8F /* SettingConfigurator.swift in Sources */,
				004B28ED1E8CA050007C910A /* GalleryPhotoInteractor.swift in Sources */,
				007B754B1E91E08D00483293 /* ConstantsKey.swift in Sources */,
				00E0B1D31E7946AB0001DF8F /* SettingPresenter.swift in Sources */,
				00E0B1C51E7946590001DF8F /* AlbumsInteractor.swift in Sources */,
				004B29051E8CE57F007C910A /* ImportViewController.swift in Sources */,
				005330ED1E70F572002890A8 /* LockScreenInteractor.swift in Sources */,
				004B28EF1E8CA050007C910A /* GalleryPhotoPresenter.swift in Sources */,
				0075F1A71E7A781A001DA471 /* PhotoInteractor.swift in Sources */,
				0075F1AA1E7A781A001DA471 /* PhotoRouter.swift in Sources */,
				0094F6D31E8E3E56007BEFAE /* PrivateData.xcdatamodeld in Sources */,
				005330EF1E70F572002890A8 /* LockScreenPresenter.swift in Sources */,
				004B290E1E8CE9D1007C910A /* ImportCell.swift in Sources */,
				0075F1A81E7A781A001DA471 /* PhotoModels.swift in Sources */,
				006486AB1E70EAD900419C27 /* AppDelegate.swift in Sources */,
				007B75491E91E01400483293 /* ConstantsSize.swift in Sources */,
				0094F6D51E8E46F8007BEFAE /* CoreDataManager.swift in Sources */,
				004B28EE1E8CA050007C910A /* GalleryPhotoModels.swift in Sources */,
				0094F6D71E8E5AF3007BEFAE /* AlbumManager.swift in Sources */,
				004B28F11E8CA050007C910A /* GalleryPhotoViewController.swift in Sources */,
				00E0B1C81E7946590001DF8F /* AlbumsRouter.swift in Sources */,
				00E0B1D11E7946AB0001DF8F /* SettingInteractor.swift in Sources */,
				00E0B1D51E7946AB0001DF8F /* SettingViewController.swift in Sources */,
				004B28EC1E8CA050007C910A /* GalleryPhotoConfigurator.swift in Sources */,
				005330EC1E70F572002890A8 /* LockScreenConfigurator.swift in Sources */,
				004B29011E8CE57F007C910A /* ImportInteractor.swift in Sources */,
				004B29041E8CE57F007C910A /* ImportRouter.swift in Sources */,
				00E0B1C91E7946590001DF8F /* AlbumsViewController.swift in Sources */,
				00E0B1C61E7946590001DF8F /* AlbumsModels.swift in Sources */,
				004B28F31E8CA555007C910A /* GalleryPhotoCollectionViewController.swift in Sources */,
				0075F1A91E7A781A001DA471 /* PhotoPresenter.swift in Sources */,
				004B28F61E8CA624007C910A /* GalleryCell.swift in Sources */,
				0075F1AB1E7A781A001DA471 /* PhotoViewController.swift in Sources */,
				00E0B1C71E7946590001DF8F /* AlbumsPresenter.swift in Sources */,
				0075F1991E7A3169001DA471 /* AlbumsCollectionViewController.swift in Sources */,
			);
			runOnlyForDeploymentPostprocessing = 0;
		};
		006486B71E70EAD900419C27 /* Sources */ = {
			isa = PBXSourcesBuildPhase;
			buildActionMask = 2147483647;
			files = (
				006486C01E70EAD900419C27 /* PrivateCornerTests.swift in Sources */,
			);
			runOnlyForDeploymentPostprocessing = 0;
		};
		006486C21E70EAD900419C27 /* Sources */ = {
			isa = PBXSourcesBuildPhase;
			buildActionMask = 2147483647;
			files = (
				006486CB1E70EAD900419C27 /* PrivateCornerUITests.swift in Sources */,
			);
			runOnlyForDeploymentPostprocessing = 0;
		};
/* End PBXSourcesBuildPhase section */

/* Begin PBXTargetDependency section */
		006486BD1E70EAD900419C27 /* PBXTargetDependency */ = {
			isa = PBXTargetDependency;
			target = 006486A61E70EAD900419C27 /* PrivateCorner */;
			targetProxy = 006486BC1E70EAD900419C27 /* PBXContainerItemProxy */;
		};
		006486C81E70EAD900419C27 /* PBXTargetDependency */ = {
			isa = PBXTargetDependency;
			target = 006486A61E70EAD900419C27 /* PrivateCorner */;
			targetProxy = 006486C71E70EAD900419C27 /* PBXContainerItemProxy */;
		};
/* End PBXTargetDependency section */

/* Begin PBXVariantGroup section */
		006486EF1E70EFEB00419C27 /* LaunchScreen.storyboard */ = {
			isa = PBXVariantGroup;
			children = (
				006486F01E70EFEB00419C27 /* Base */,
			);
			name = LaunchScreen.storyboard;
			sourceTree = "<group>";
		};
		006486F11E70EFEB00419C27 /* Main.storyboard */ = {
			isa = PBXVariantGroup;
			children = (
				006486F21E70EFEB00419C27 /* Base */,
			);
			name = Main.storyboard;
			sourceTree = "<group>";
		};
/* End PBXVariantGroup section */

/* Begin XCBuildConfiguration section */
		006486CD1E70EAD900419C27 /* Debug */ = {
			isa = XCBuildConfiguration;
			buildSettings = {
				ALWAYS_SEARCH_USER_PATHS = NO;
				CLANG_ANALYZER_NONNULL = YES;
				CLANG_CXX_LANGUAGE_STANDARD = "gnu++0x";
				CLANG_CXX_LIBRARY = "libc++";
				CLANG_ENABLE_MODULES = YES;
				CLANG_ENABLE_OBJC_ARC = YES;
				CLANG_WARN_BOOL_CONVERSION = YES;
				CLANG_WARN_CONSTANT_CONVERSION = YES;
				CLANG_WARN_DIRECT_OBJC_ISA_USAGE = YES_ERROR;
				CLANG_WARN_DOCUMENTATION_COMMENTS = YES;
				CLANG_WARN_EMPTY_BODY = YES;
				CLANG_WARN_ENUM_CONVERSION = YES;
				CLANG_WARN_INFINITE_RECURSION = YES;
				CLANG_WARN_INT_CONVERSION = YES;
				CLANG_WARN_OBJC_ROOT_CLASS = YES_ERROR;
				CLANG_WARN_SUSPICIOUS_MOVE = YES;
				CLANG_WARN_UNREACHABLE_CODE = YES;
				CLANG_WARN__DUPLICATE_METHOD_MATCH = YES;
				"CODE_SIGN_IDENTITY[sdk=iphoneos*]" = "iPhone Developer";
				COPY_PHASE_STRIP = NO;
				DEBUG_INFORMATION_FORMAT = dwarf;
				ENABLE_STRICT_OBJC_MSGSEND = YES;
				ENABLE_TESTABILITY = YES;
				GCC_C_LANGUAGE_STANDARD = gnu99;
				GCC_DYNAMIC_NO_PIC = NO;
				GCC_NO_COMMON_BLOCKS = YES;
				GCC_OPTIMIZATION_LEVEL = 0;
				GCC_PREPROCESSOR_DEFINITIONS = (
					"DEBUG=1",
					"$(inherited)",
				);
				GCC_WARN_64_TO_32_BIT_CONVERSION = YES;
				GCC_WARN_ABOUT_RETURN_TYPE = YES_ERROR;
				GCC_WARN_UNDECLARED_SELECTOR = YES;
				GCC_WARN_UNINITIALIZED_AUTOS = YES_AGGRESSIVE;
				GCC_WARN_UNUSED_FUNCTION = YES;
				GCC_WARN_UNUSED_VARIABLE = YES;
				IPHONEOS_DEPLOYMENT_TARGET = 10.2;
				MTL_ENABLE_DEBUG_INFO = YES;
				ONLY_ACTIVE_ARCH = YES;
				SDKROOT = iphoneos;
				SWIFT_ACTIVE_COMPILATION_CONDITIONS = DEBUG;
				SWIFT_OPTIMIZATION_LEVEL = "-Onone";
				TARGETED_DEVICE_FAMILY = "1,2";
			};
			name = Debug;
		};
		006486CE1E70EAD900419C27 /* Release */ = {
			isa = XCBuildConfiguration;
			buildSettings = {
				ALWAYS_SEARCH_USER_PATHS = NO;
				CLANG_ANALYZER_NONNULL = YES;
				CLANG_CXX_LANGUAGE_STANDARD = "gnu++0x";
				CLANG_CXX_LIBRARY = "libc++";
				CLANG_ENABLE_MODULES = YES;
				CLANG_ENABLE_OBJC_ARC = YES;
				CLANG_WARN_BOOL_CONVERSION = YES;
				CLANG_WARN_CONSTANT_CONVERSION = YES;
				CLANG_WARN_DIRECT_OBJC_ISA_USAGE = YES_ERROR;
				CLANG_WARN_DOCUMENTATION_COMMENTS = YES;
				CLANG_WARN_EMPTY_BODY = YES;
				CLANG_WARN_ENUM_CONVERSION = YES;
				CLANG_WARN_INFINITE_RECURSION = YES;
				CLANG_WARN_INT_CONVERSION = YES;
				CLANG_WARN_OBJC_ROOT_CLASS = YES_ERROR;
				CLANG_WARN_SUSPICIOUS_MOVE = YES;
				CLANG_WARN_UNREACHABLE_CODE = YES;
				CLANG_WARN__DUPLICATE_METHOD_MATCH = YES;
				"CODE_SIGN_IDENTITY[sdk=iphoneos*]" = "iPhone Developer";
				COPY_PHASE_STRIP = NO;
				DEBUG_INFORMATION_FORMAT = "dwarf-with-dsym";
				ENABLE_NS_ASSERTIONS = NO;
				ENABLE_STRICT_OBJC_MSGSEND = YES;
				GCC_C_LANGUAGE_STANDARD = gnu99;
				GCC_NO_COMMON_BLOCKS = YES;
				GCC_WARN_64_TO_32_BIT_CONVERSION = YES;
				GCC_WARN_ABOUT_RETURN_TYPE = YES_ERROR;
				GCC_WARN_UNDECLARED_SELECTOR = YES;
				GCC_WARN_UNINITIALIZED_AUTOS = YES_AGGRESSIVE;
				GCC_WARN_UNUSED_FUNCTION = YES;
				GCC_WARN_UNUSED_VARIABLE = YES;
				IPHONEOS_DEPLOYMENT_TARGET = 10.2;
				MTL_ENABLE_DEBUG_INFO = NO;
				SDKROOT = iphoneos;
				SWIFT_OPTIMIZATION_LEVEL = "-Owholemodule";
				TARGETED_DEVICE_FAMILY = "1,2";
				VALIDATE_PRODUCT = YES;
			};
			name = Release;
		};
		006486D01E70EAD900419C27 /* Debug */ = {
			isa = XCBuildConfiguration;
			baseConfigurationReference = 9DE26507F8B79544B49BFB24 /* Pods-PrivateCorner.debug.xcconfig */;
			buildSettings = {
				ASSETCATALOG_COMPILER_APPICON_NAME = AppIcon;
				DEVELOPMENT_TEAM = B5A39BBFXA;
				INFOPLIST_FILE = PrivateCorner/Info.plist;
				LD_RUNPATH_SEARCH_PATHS = "$(inherited) @executable_path/Frameworks";
				PRODUCT_BUNDLE_IDENTIFIER = com.mrachen.PrivateCorner;
				PRODUCT_NAME = "$(TARGET_NAME)";
				SWIFT_VERSION = 3.0;
			};
			name = Debug;
		};
		006486D11E70EAD900419C27 /* Release */ = {
			isa = XCBuildConfiguration;
			baseConfigurationReference = 2F9218FBAB4F8092F6091BF9 /* Pods-PrivateCorner.release.xcconfig */;
			buildSettings = {
				ASSETCATALOG_COMPILER_APPICON_NAME = AppIcon;
				DEVELOPMENT_TEAM = B5A39BBFXA;
				INFOPLIST_FILE = PrivateCorner/Info.plist;
				LD_RUNPATH_SEARCH_PATHS = "$(inherited) @executable_path/Frameworks";
				PRODUCT_BUNDLE_IDENTIFIER = com.mrachen.PrivateCorner;
				PRODUCT_NAME = "$(TARGET_NAME)";
				SWIFT_VERSION = 3.0;
			};
			name = Release;
		};
		006486D31E70EAD900419C27 /* Debug */ = {
			isa = XCBuildConfiguration;
			baseConfigurationReference = 4264DA568CE4E380C5A8A146 /* Pods-PrivateCornerTests.debug.xcconfig */;
			buildSettings = {
				ALWAYS_EMBED_SWIFT_STANDARD_LIBRARIES = YES;
				BUNDLE_LOADER = "$(TEST_HOST)";
				INFOPLIST_FILE = PrivateCornerTests/Info.plist;
				LD_RUNPATH_SEARCH_PATHS = "$(inherited) @executable_path/Frameworks @loader_path/Frameworks";
				PRODUCT_BUNDLE_IDENTIFIER = com.mrachen.PrivateCornerTests;
				PRODUCT_NAME = "$(TARGET_NAME)";
				SWIFT_VERSION = 3.0;
				TEST_HOST = "$(BUILT_PRODUCTS_DIR)/PrivateCorner.app/PrivateCorner";
			};
			name = Debug;
		};
		006486D41E70EAD900419C27 /* Release */ = {
			isa = XCBuildConfiguration;
			baseConfigurationReference = 469FAC4C44B44A8B1D3200C8 /* Pods-PrivateCornerTests.release.xcconfig */;
			buildSettings = {
				ALWAYS_EMBED_SWIFT_STANDARD_LIBRARIES = YES;
				BUNDLE_LOADER = "$(TEST_HOST)";
				INFOPLIST_FILE = PrivateCornerTests/Info.plist;
				LD_RUNPATH_SEARCH_PATHS = "$(inherited) @executable_path/Frameworks @loader_path/Frameworks";
				PRODUCT_BUNDLE_IDENTIFIER = com.mrachen.PrivateCornerTests;
				PRODUCT_NAME = "$(TARGET_NAME)";
				SWIFT_VERSION = 3.0;
				TEST_HOST = "$(BUILT_PRODUCTS_DIR)/PrivateCorner.app/PrivateCorner";
			};
			name = Release;
		};
		006486D61E70EAD900419C27 /* Debug */ = {
			isa = XCBuildConfiguration;
			baseConfigurationReference = D9B81F01FA0095F1E3EC683C /* Pods-PrivateCornerUITests.debug.xcconfig */;
			buildSettings = {
				ALWAYS_EMBED_SWIFT_STANDARD_LIBRARIES = YES;
				INFOPLIST_FILE = PrivateCornerUITests/Info.plist;
				LD_RUNPATH_SEARCH_PATHS = "$(inherited) @executable_path/Frameworks @loader_path/Frameworks";
				PRODUCT_BUNDLE_IDENTIFIER = com.mrachen.PrivateCornerUITests;
				PRODUCT_NAME = "$(TARGET_NAME)";
				SWIFT_VERSION = 3.0;
				TEST_TARGET_NAME = PrivateCorner;
			};
			name = Debug;
		};
		006486D71E70EAD900419C27 /* Release */ = {
			isa = XCBuildConfiguration;
			baseConfigurationReference = CC42C8143AFEC95476BFE338 /* Pods-PrivateCornerUITests.release.xcconfig */;
			buildSettings = {
				ALWAYS_EMBED_SWIFT_STANDARD_LIBRARIES = YES;
				INFOPLIST_FILE = PrivateCornerUITests/Info.plist;
				LD_RUNPATH_SEARCH_PATHS = "$(inherited) @executable_path/Frameworks @loader_path/Frameworks";
				PRODUCT_BUNDLE_IDENTIFIER = com.mrachen.PrivateCornerUITests;
				PRODUCT_NAME = "$(TARGET_NAME)";
				SWIFT_VERSION = 3.0;
				TEST_TARGET_NAME = PrivateCorner;
			};
			name = Release;
		};
/* End XCBuildConfiguration section */

/* Begin XCConfigurationList section */
		006486A21E70EAD900419C27 /* Build configuration list for PBXProject "PrivateCorner" */ = {
			isa = XCConfigurationList;
			buildConfigurations = (
				006486CD1E70EAD900419C27 /* Debug */,
				006486CE1E70EAD900419C27 /* Release */,
			);
			defaultConfigurationIsVisible = 0;
			defaultConfigurationName = Release;
		};
		006486CF1E70EAD900419C27 /* Build configuration list for PBXNativeTarget "PrivateCorner" */ = {
			isa = XCConfigurationList;
			buildConfigurations = (
				006486D01E70EAD900419C27 /* Debug */,
				006486D11E70EAD900419C27 /* Release */,
			);
			defaultConfigurationIsVisible = 0;
			defaultConfigurationName = Release;
		};
		006486D21E70EAD900419C27 /* Build configuration list for PBXNativeTarget "PrivateCornerTests" */ = {
			isa = XCConfigurationList;
			buildConfigurations = (
				006486D31E70EAD900419C27 /* Debug */,
				006486D41E70EAD900419C27 /* Release */,
			);
			defaultConfigurationIsVisible = 0;
			defaultConfigurationName = Release;
		};
		006486D51E70EAD900419C27 /* Build configuration list for PBXNativeTarget "PrivateCornerUITests" */ = {
			isa = XCConfigurationList;
			buildConfigurations = (
				006486D61E70EAD900419C27 /* Debug */,
				006486D71E70EAD900419C27 /* Release */,
			);
			defaultConfigurationIsVisible = 0;
			defaultConfigurationName = Release;
		};
/* End XCConfigurationList section */

/* Begin XCVersionGroup section */
		0094F6D11E8E3E56007BEFAE /* PrivateData.xcdatamodeld */ = {
			isa = XCVersionGroup;
			children = (
				0094F6D21E8E3E56007BEFAE /* PrivateData.xcdatamodel */,
			);
			currentVersion = 0094F6D21E8E3E56007BEFAE /* PrivateData.xcdatamodel */;
			path = PrivateData.xcdatamodeld;
			sourceTree = "<group>";
			versionGroupType = wrapper.xcdatamodel;
		};
/* End XCVersionGroup section */
	};
	rootObject = 0064869F1E70EAD900419C27 /* Project object */;
}
